{
  "name": "lcth-document-editor",
  "version": "0.0.1",
  "lockfileVersion": 1,
  "requires": true,
  "dependencies": {
    "@angular/cdk": {
      "version": "8.0.2",
      "resolved": "https://registry.npmjs.org/@angular/cdk/-/cdk-8.0.2.tgz",
      "integrity": "sha512-Tv9M0vuTp7Ogk7mRiEpzBG9x5289FXe+WH0VKqN4zTzF/taTgGEuJBLDcFrwQMW0mFpGP7acVOiopgH+nClytg==",
      "requires": {
        "parse5": "^5.0.0",
        "tslib": "^1.7.1"
      }
    },
    "@ant-design/colors": {
      "version": "3.1.0",
      "resolved": "https://registry.npmjs.org/@ant-design/colors/-/colors-3.1.0.tgz",
      "integrity": "sha512-Td7g1P53sNFyT4Gya6836e70TrhoVZ+HjZs6mpWIHrxl4/VqsjjOyzj/8ktOuw0lCx+BfYu9UO1CiJ0MoYYfhg==",
      "requires": {
        "tinycolor2": "^1.4.1"
      }
    },
    "@ant-design/icons-angular": {
      "version": "8.0.2",
      "resolved": "https://registry.npmjs.org/@ant-design/icons-angular/-/icons-angular-8.0.2.tgz",
      "integrity": "sha512-JHooE2L8OsTGAz5PPWpZPbq/5tSEvCs5eGQZJclEG0SoSSalTj5pAi6Gyga37p7rZLShx9HMyZRWZOQDITRH0Q==",
      "requires": {
        "@ant-design/colors": "^3.1.0",
        "tslib": "^1.9.0"
      }
    },
    "date-fns": {
      "version": "1.30.1",
      "resolved": "https://registry.npmjs.org/date-fns/-/date-fns-1.30.1.tgz",
      "integrity": "sha512-hBSVCvSmWC+QypYObzwGOd9wqdDpOt+0wl0KbU+R+uuZBS1jN8VsD1ss3irQDknRj5NvxiTF6oj/nDRnN/UQNw=="
    },
    "lcth-editor": {
      "version": "file:../../../lcth-editor/dist/lcth-editor/lcth-editor-0.0.1.tgz",
      "integrity": "sha512-O+Ilf7MeiJrRT+NodteXU3qE2YdHVSV9vppnUqNmiT5s4nIKpWynQc3AdwPCjKRW8jnpvGRXVd5yrSh52f3LZQ==",
      "requires": {
        "tslib": "^1.9.0"
      }
    },
    "ng-zorro-antd": {
      "version": "8.0.3",
      "resolved": "https://registry.npmjs.org/ng-zorro-antd/-/ng-zorro-antd-8.0.3.tgz",
      "integrity": "sha512-RKA75poB7WZ/c18sFP+cZTol1Egj2x/69e13bHqWFNwB0FD37sDlwFSflhJVGzBHT/3ZfCANkBL31lAOQUHDjQ==",
      "requires": {
        "@angular/cdk": "^8.0.0",
        "@ant-design/icons-angular": "^8.0.2",
        "date-fns": "^1.30.1",
        "tslib": "^1.9.0"
      }
    },
    "parse5": {
      "version": "5.1.0",
      "resolved": "https://registry.npmjs.org/parse5/-/parse5-5.1.0.tgz",
      "integrity": "sha512-fxNG2sQjHvlVAYmzBZS9YlDp6PTSSDwa98vkD4QgVDDCAo84z5X1t5XyJQ62ImdLXx5NdIIfihey6xpum9/gRQ==",
      "optional": true
    },
    "tinycolor2": {
      "version": "1.4.1",
      "resolved": "https://registry.npmjs.org/tinycolor2/-/tinycolor2-1.4.1.tgz",
      "integrity": "sha1-9PrTM0R7wLB9TcjpIJ2POaisd+g="
    },
    "tslib": {
      "version": "1.10.0",
      "resolved": "https://registry.npmjs.org/tslib/-/tslib-1.10.0.tgz",
      "integrity": "sha512-qOebF53frne81cf0S9B41ByenJ3/IuH8yJKngAX35CmiZySA0khhkovshKK+jGCaMnVomla7gVlIcc3EvKPbTQ=="
    }
  }
}
